
Microsoft Visual Studio Solution File, Format Version 12.00
# Visual Studio 2015
Project("{FAE04EC0-301F-11D3-BF4B-00C04F79EFBC}") = "CinQuest.CSharp", "CinQuest.CSharp.csproj", "{A0666B75-C44A-B10B-5561-678476558EF8}"
EndProject
Project("{FAE04EC0-301F-11D3-BF4B-00C04F79EFBC}") = "CinQuest.CSharp.Editor", "CinQuest.CSharp.Editor.csproj", "{BDEB6BE0-7BFB-5797-F7D5-8D66CD4C66CE}"
EndProject
Global
	GlobalSection(SolutionConfigurationPlatforms) = preSolution
		Debug|Any CPU = Debug|Any CPU
		Release|Any CPU = Release|Any CPU
	EndGlobalSection
	GlobalSection(ProjectConfigurationPlatforms) = postSolution
		{A0666B75-C44A-B10B-5561-678476558EF8}.Debug|Any CPU.ActiveCfg = Debug|Any CPU
		{A0666B75-C44A-B10B-5561-678476558EF8}.Debug|Any CPU.Build.0 = Debug|Any CPU
		{A0666B75-C44A-B10B-5561-678476558EF8}.Release|Any CPU.ActiveCfg = Release|Any CPU
		{A0666B75-C44A-B10B-5561-678476558EF8}.Release|Any CPU.Build.0 = Release|Any CPU
		{BDEB6BE0-7BFB-5797-F7D5-8D66CD4C66CE}.Debug|Any CPU.ActiveCfg = Debug|Any CPU
		{BDEB6BE0-7BFB-5797-F7D5-8D66CD4C66CE}.Debug|Any CPU.Build.0 = Debug|Any CPU
		{BDEB6BE0-7BFB-5797-F7D5-8D66CD4C66CE}.Release|Any CPU.ActiveCfg = Release|Any CPU
		{BDEB6BE0-7BFB-5797-F7D5-8D66CD4C66CE}.Release|Any CPU.Build.0 = Release|Any CPU
	EndGlobalSection
	GlobalSection(SolutionProperties) = preSolution
		HideSolutionNode = FALSE
	EndGlobalSection
EndGlobal
